// !$*UTF8*$!
{
	archiveVersion = 1;
	classes = {
	};
	objectVersion = 50;
	objects = {

/* Begin PBXBuildFile section */
		DB38CEEB2566B2BA00BA5579 /* AppDelegate.swift in Sources */ = {isa = PBXBuildFile; fileRef = DB38CEEA2566B2BA00BA5579 /* AppDelegate.swift */; };
		DB38CEED2566B2BA00BA5579 /* SceneDelegate.swift in Sources */ = {isa = PBXBuildFile; fileRef = DB38CEEC2566B2BA00BA5579 /* SceneDelegate.swift */; };
		DB38CEEF2566B2BA00BA5579 /* ViewController.swift in Sources */ = {isa = PBXBuildFile; fileRef = DB38CEEE2566B2BA00BA5579 /* ViewController.swift */; };
		DB38CEF22566B2BA00BA5579 /* Main.storyboard in Resources */ = {isa = PBXBuildFile; fileRef = DB38CEF02566B2BA00BA5579 /* Main.storyboard */; };
		DB38CEF52566B2BA00BA5579 /* avtest.xcdatamodeld in Sources */ = {isa = PBXBuildFile; fileRef = DB38CEF32566B2BA00BA5579 /* avtest.xcdatamodeld */; };
		DB38CEF72566B2BC00BA5579 /* Assets.xcassets in Resources */ = {isa = PBXBuildFile; fileRef = DB38CEF62566B2BC00BA5579 /* Assets.xcassets */; };
		DB38CEFA2566B2BC00BA5579 /* LaunchScreen.storyboard in Resources */ = {isa = PBXBuildFile; fileRef = DB38CEF82566B2BC00BA5579 /* LaunchScreen.storyboard */; };
/* End PBXBuildFile section */

/* Begin PBXFileReference section */
		DB38CEE72566B2BA00BA5579 /* avtest.app */ = {isa = PBXFileReference; explicitFileType = wrapper.application; includeInIndex = 0; path = avtest.app; sourceTree = BUILT_PRODUCTS_DIR; };
		DB38CEEA2566B2BA00BA5579 /* AppDelegate.swift */ = {isa = PBXFileReference; lastKnownFileType = sourcecode.swift; path = AppDelegate.swift; sourceTree = "<group>"; };
		DB38CEEC2566B2BA00BA5579 /* SceneDelegate.swift */ = {isa = PBXFileReference; lastKnownFileType = sourcecode.swift; path = SceneDelegate.swift; sourceTree = "<group>"; };
		DB38CEEE2566B2BA00BA5579 /* ViewController.swift */ = {isa = PBXFileReference; lastKnownFileType = sourcecode.swift; path = ViewController.swift; sourceTree = "<group>"; };
		DB38CEF12566B2BA00BA5579 /* Base */ = {isa = PBXFileReference; lastKnownFileType = file.storyboard; name = Base; path = Base.lproj/Main.storyboard; sourceTree = "<group>"; };
		DB38CEF42566B2BA00BA5579 /* avtest.xcdatamodel */ = {isa = PBXFileReference; lastKnownFileType = wrapper.xcdatamodel; path = avtest.xcdatamodel; sourceTree = "<group>"; };
		DB38CEF62566B2BC00BA5579 /* Assets.xcassets */ = {isa = PBXFileReference; lastKnownFileType = folder.assetcatalog; path = Assets.xcassets; sourceTree = "<group>"; };
		DB38CEF92566B2BC00BA5579 /* Base */ = {isa = PBXFileReference; lastKnownFileType = file.storyboard; name = Base; path = Base.lproj/LaunchScreen.storyboard; sourceTree = "<group>"; };
		DB38CEFB2566B2BC00BA5579 /* Info.plist */ = {isa = PBXFileReference; lastKnownFileType = text.plist.xml; path = Info.plist; sourceTree = "<group>"; };
/* End PBXFileReference section */

/* Begin PBXFrameworksBuildPhase section */
		DB38CEE42566B2BA00BA5579 /* Frameworks */ = {
			isa = PBXFrameworksBuildPhase;
			buildActionMask = 2147483647;
			files = (
			);
			runOnlyForDeploymentPostprocessing = 0;
		};
/* End PBXFrameworksBuildPhase section */

/* Begin PBXGroup section */
		DB38CEDE2566B2BA00BA5579 = {
			isa = PBXGroup;
			children = (
				DB38CEE92566B2BA00BA5579 /* avtest */,
				DB38CEE82566B2BA00BA5579 /* Products */,
			);
			sourceTree = "<group>";
		};
		DB38CEE82566B2BA00BA5579 /* Products */ = {
			isa = PBXGroup;
			children = (
				DB38CEE72566B2BA00BA5579 /* avtest.app */,
			);
			name = Products;
			sourceTree = "<group>";
		};
		DB38CEE92566B2BA00BA5579 /* avtest */ = {
			isa = PBXGroup;
			children = (
				DB38CEEA2566B2BA00BA5579 /* AppDelegate.swift */,
				DB38CEEC2566B2BA00BA5579 /* SceneDelegate.swift */,
				DB38CEEE2566B2BA00BA5579 /* ViewController.swift */,
				DB38CEF02566B2BA00BA5579 /* Main.storyboard */,
				DB38CEF62566B2BC00BA5579 /* Assets.xcassets */,
				DB38CEF82566B2BC00BA5579 /* LaunchScreen.storyboard */,
				DB38CEFB2566B2BC00BA5579 /* Info.plist */,
				DB38CEF32566B2BA00BA5579 /* avtest.xcdatamodeld */,
			);
			path = avtest;
			sourceTree = "<group>";
		};
/* End PBXGroup section */

/* Begin PBXNativeTarget section */
		DB38CEE62566B2BA00BA5579 /* avtest */ = {
			isa = PBXNativeTarget;
			buildConfigurationList = DB38CEFE2566B2BC00BA5579 /* Build configuration list for PBXNativeTarget "avtest" */;
			buildPhases = (
				DB38CEE32566B2BA00BA5579 /* Sources */,
				DB38CEE42566B2BA00BA5579 /* Frameworks */,
				DB38CEE52566B2BA00BA5579 /* Resources */,
			);
			buildRules = (
			);
			dependencies = (
			);
			name = avtest;
			productName = avtest;
			productReference = DB38CEE72566B2BA00BA5579 /* avtest.app */;
			productType = "com.apple.product-type.application";
		};
/* End PBXNativeTarget section */

/* Begin PBXProject section */
		DB38CEDF2566B2BA00BA5579 /* Project object */ = {
			isa = PBXProject;
			attributes = {
				LastSwiftUpdateCheck = 1220;
				LastUpgradeCheck = 1220;
				TargetAttributes = {
					DB38CEE62566B2BA00BA5579 = {
						CreatedOnToolsVersion = 12.2;
					};
				};
			};
			buildConfigurationList = DB38CEE22566B2BA00BA5579 /* Build configuration list for PBXProject "avtest" */;
			compatibilityVersion = "Xcode 9.3";
			developmentRegion = en;
			hasScannedForEncodings = 0;
			knownRegions = (
				en,
				Base,
			);
			mainGroup = DB38CEDE2566B2BA00BA5579;
			productRefGroup = DB38CEE82566B2BA00BA5579 /* Products */;
			projectDirPath = "";
			projectRoot = "";
			targets = (
				DB38CEE62566B2BA00BA5579 /* avtest */,
			);
		};
/* End PBXProject section */

/* Begin PBXResourcesBuildPhase section */
		DB38CEE52566B2BA00BA5579 /* Resources */ = {
			isa = PBXResourcesBuildPhase;
			buildActionMask = 2147483647;
			files = (
				DB38CEFA2566B2BC00BA5579 /* LaunchScreen.storyboard in Resources */,
				DB38CEF72566B2BC00BA5579 /* Assets.xcassets in Resources */,
				DB38CEF22566B2BA00BA5579 /* Main.storyboard in Resources */,
			);
			runOnlyForDeploymentPostprocessing = 0;
		};
/* End PBXResourcesBuildPhase section */

/* Begin PBXSourcesBuildPhase section */
		DB38CEE32566B2BA00BA5579 /* Sources */ = {
			isa = PBXSourcesBuildPhase;
			buildActionMask = 2147483647;
			files = (
				DB38CEEF2566B2BA00BA5579 /* ViewController.swift in Sources */,
				DB38CEEB2566B2BA00BA5579 /* AppDelegate.swift in Sources */,
				DB38CEF52566B2BA00BA5579 /* avtest.xcdatamodeld in Sources */,
				DB38CEED2566B2BA00BA5579 /* SceneDelegate.swift in Sources */,
			);
			runOnlyForDeploymentPostprocessing = 0;
		};
/* End PBXSourcesBuildPhase section */

/* Begin PBXVariantGroup section */
		DB38CEF02566B2BA00BA5579 /* Main.storyboard */ = {
			isa = PBXVariantGroup;
			children = (
				DB38CEF12566B2BA00BA5579 /* Base */,
			);
			name = Main.storyboard;
			sourceTree = "<group>";
		};
		DB38CEF82566B2BC00BA5579 /* LaunchScreen.storyboard */ = {
			isa = PBXVariantGroup;
			children = (
				DB38CEF92566B2BC00BA5579 /* Base */,
			);
			name = LaunchScreen.storyboard;
			sourceTree = "<group>";
		};
/* End PBXVariantGroup section */

/* Begin XCBuildConfiguration section */
		DB38CEFC2566B2BC00BA5579 /* Debug */ = {
			isa = XCBuildConfiguration;
			buildSettings = {
				ALWAYS_SEARCH_USER_PATHS = NO;
				CLANG_ANALYZER_NONNULL = YES;
				CLANG_ANALYZER_NUMBER_OBJECT_CONVERSION = YES_AGGRESSIVE;
				CLANG_CXX_LANGUAGE_STANDARD = "gnu++14";
				CLANG_CXX_LIBRARY = "libc++";
				CLANG_ENABLE_MODULES = YES;
				CLANG_ENABLE_OBJC_ARC = YES;
				CLANG_ENABLE_OBJC_WEAK = YES;
				CLANG_WARN_BLOCK_CAPTURE_AUTORELEASING = YES;
				CLANG_WARN_BOOL_CONVERSION = YES;
				CLANG_WARN_COMMA = YES;
				CLANG_WARN_CONSTANT_CONVERSION = YES;
				CLANG_WARN_DEPRECATED_OBJC_IMPLEMENTATIONS = YES;
				CLANG_WARN_DIRECT_OBJC_ISA_USAGE = YES_ERROR;
				CLANG_WARN_DOCUMENTATION_COMMENTS = YES;
				CLANG_WARN_EMPTY_BODY = YES;
				CLANG_WARN_ENUM_CONVERSION = YES;
				CLANG_WARN_INFINITE_RECURSION = YES;
				CLANG_WARN_INT_CONVERSION = YES;
				CLANG_WARN_NON_LITERAL_NULL_CONVERSION = YES;
				CLANG_WARN_OBJC_IMPLICIT_RETAIN_SELF = YES;
				CLANG_WARN_OBJC_LITERAL_CONVERSION = YES;
				CLANG_WARN_OBJC_ROOT_CLASS = YES_ERROR;
				CLANG_WARN_QUOTED_INCLUDE_IN_FRAMEWORK_HEADER = YES;
				CLANG_WARN_RANGE_LOOP_ANALYSIS = YES;
				CLANG_WARN_STRICT_PROTOTYPES = YES;
				CLANG_WARN_SUSPICIOUS_MOVE = YES;
				CLANG_WARN_UNGUARDED_AVAILABILITY = YES_AGGRESSIVE;
				CLANG_WARN_UNREACHABLE_CODE = YES;
				CLANG_WARN__DUPLICATE_METHOD_MATCH = YES;
				COPY_PHASE_STRIP = NO;
				DEBUG_INFORMATION_FORMAT = dwarf;
				ENABLE_STRICT_OBJC_MSGSEND = YES;
				ENABLE_TESTABILITY = YES;
				GCC_C_LANGUAGE_STANDARD = gnu11;
				GCC_DYNAMIC_NO_PIC = NO;
				GCC_NO_COMMON_BLOCKS = YES;
				GCC_OPTIMIZATION_LEVEL = 0;
				GCC_PREPROCESSOR_DEFINITIONS = (
					"DEBUG=1",
					"$(inherited)",
				);
				GCC_WARN_64_TO_32_BIT_CONVERSION = YES;
				GCC_WARN_ABOUT_RETURN_TYPE = YES_ERROR;
				GCC_WARN_UNDECLARED_SELECTOR = YES;
				GCC_WARN_UNINITIALIZED_AUTOS = YES_AGGRESSIVE;
				GCC_WARN_UNUSED_FUNCTION = YES;
				GCC_WARN_UNUSED_VARIABLE = YES;
				IPHONEOS_DEPLOYMENT_TARGET = 14.2;
				MTL_ENABLE_DEBUG_INFO = INCLUDE_SOURCE;
				MTL_FAST_MATH = YES;
				ONLY_ACTIVE_ARCH = YES;
				SDKROOT = iphoneos;
				SWIFT_ACTIVE_COMPILATION_CONDITIONS = DEBUG;
				SWIFT_OPTIMIZATION_LEVEL = "-Onone";
			};
			name = Debug;
		};
		DB38CEFD2566B2BC00BA5579 /* Release */ = {
			isa = XCBuildConfiguration;
			buildSettings = {
				ALWAYS_SEARCH_USER_PATHS = NO;
				CLANG_ANALYZER_NONNULL = YES;
				CLANG_ANALYZER_NUMBER_OBJECT_CONVERSION = YES_AGGRESSIVE;
				CLANG_CXX_LANGUAGE_STANDARD = "gnu++14";
				CLANG_CXX_LIBRARY = "libc++";
				CLANG_ENABLE_MODULES = YES;
				CLANG_ENABLE_OBJC_ARC = YES;
				CLANG_ENABLE_OBJC_WEAK = YES;
				CLANG_WARN_BLOCK_CAPTURE_AUTORELEASING = YES;
				CLANG_WARN_BOOL_CONVERSION = YES;
				CLANG_WARN_COMMA = YES;
				CLANG_WARN_CONSTANT_CONVERSION = YES;
				CLANG_WARN_DEPRECATED_OBJC_IMPLEMENTATIONS = YES;
				CLANG_WARN_DIRECT_OBJC_ISA_USAGE = YES_ERROR;
				CLANG_WARN_DOCUMENTATION_COMMENTS = YES;
				CLANG_WARN_EMPTY_BODY = YES;
				CLANG_WARN_ENUM_CONVERSION = YES;
				CLANG_WARN_INFINITE_RECURSION = YES;
				CLANG_WARN_INT_CONVERSION = YES;
				CLANG_WARN_NON_LITERAL_NULL_CONVERSION = YES;
				CLANG_WARN_OBJC_IMPLICIT_RETAIN_SELF = YES;
				CLANG_WARN_OBJC_LITERAL_CONVERSION = YES;
				CLANG_WARN_OBJC_ROOT_CLASS = YES_ERROR;
				CLANG_WARN_QUOTED_INCLUDE_IN_FRAMEWORK_HEADER = YES;
				CLANG_WARN_RANGE_LOOP_ANALYSIS = YES;
				CLANG_WARN_STRICT_PROTOTYPES = YES;
				CLANG_WARN_SUSPICIOUS_MOVE = YES;
				CLANG_WARN_UNGUARDED_AVAILABILITY = YES_AGGRESSIVE;
				CLANG_WARN_UNREACHABLE_CODE = YES;
				CLANG_WARN__DUPLICATE_METHOD_MATCH = YES;
				COPY_PHASE_STRIP = NO;
				DEBUG_INFORMATION_FORMAT = "dwarf-with-dsym";
				ENABLE_NS_ASSERTIONS = NO;
				ENABLE_STRICT_OBJC_MSGSEND = YES;
				GCC_C_LANGUAGE_STANDARD = gnu11;
				GCC_NO_COMMON_BLOCKS = YES;
				GCC_WARN_64_TO_32_BIT_CONVERSION = YES;
				GCC_WARN_ABOUT_RETURN_TYPE = YES_ERROR;
				GCC_WARN_UNDECLARED_SELECTOR = YES;
				GCC_WARN_UNINITIALIZED_AUTOS = YES_AGGRESSIVE;
				GCC_WARN_UNUSED_FUNCTION = YES;
				GCC_WARN_UNUSED_VARIABLE = YES;
				IPHONEOS_DEPLOYMENT_TARGET = 14.2;
				MTL_ENABLE_DEBUG_INFO = NO;
				MTL_FAST_MATH = YES;
				SDKROOT = iphoneos;
				SWIFT_COMPILATION_MODE = wholemodule;
				SWIFT_OPTIMIZATION_LEVEL = "-O";
				VALIDATE_PRODUCT = YES;
			};
			name = Release;
		};
		DB38CEFF2566B2BC00BA5579 /* Debug */ = {
			isa = XCBuildConfiguration;
			buildSettings = {
				ASSETCATALOG_COMPILER_APPICON_NAME = AppIcon;
				ASSETCATALOG_COMPILER_GLOBAL_ACCENT_COLOR_NAME = AccentColor;
				CODE_SIGN_STYLE = Automatic;
				INFOPLIST_FILE = avtest/Info.plist;
				LD_RUNPATH_SEARCH_PATHS = (
					"$(inherited)",
					"@executable_path/Frameworks",
				);
				PRODUCT_BUNDLE_IDENTIFIER = avsoft.avtest;
				PRODUCT_NAME = "$(TARGET_NAME)";
				SWIFT_VERSION = 5.0;
				TARGETED_DEVICE_FAMILY = "1,2";
			};
			name = Debug;
		};
		DB38CF002566B2BC00BA5579 /* Release */ = {
			isa = XCBuildConfiguration;
			buildSettings = {
				ASSETCATALOG_COMPILER_APPICON_NAME = AppIcon;
				ASSETCATALOG_COMPILER_GLOBAL_ACCENT_COLOR_NAME = AccentColor;
				CODE_SIGN_STYLE = Automatic;
				INFOPLIST_FILE = avtest/Info.plist;
				LD_RUNPATH_SEARCH_PATHS = (
					"$(inherited)",
					"@executable_path/Frameworks",
				);
				PRODUCT_BUNDLE_IDENTIFIER = avsoft.avtest;
				PRODUCT_NAME = "$(TARGET_NAME)";
				SWIFT_VERSION = 5.0;
				TARGETED_DEVICE_FAMILY = "1,2";
			};
			name = Release;
		};
/* End XCBuildConfiguration section */

/* Begin XCConfigurationList section */
		DB38CEE22566B2BA00BA5579 /* Build configuration list for PBXProject "avtest" */ = {
			isa = XCConfigurationList;
			buildConfigurations = (
				DB38CEFC2566B2BC00BA5579 /* Debug */,
				DB38CEFD2566B2BC00BA5579 /* Release */,
			);
			defaultConfigurationIsVisible = 0;
			defaultConfigurationName = Release;
		};
		DB38CEFE2566B2BC00BA5579 /* Build configuration list for PBXNativeTarget "avtest" */ = {
			isa = XCConfigurationList;
			buildConfigurations = (
				DB38CEFF2566B2BC00BA5579 /* Debug */,
				DB38CF002566B2BC00BA5579 /* Release */,
			);
			defaultConfigurationIsVisible = 0;
			defaultConfigurationName = Release;
		};
/* End XCConfigurationList section */

/* Begin XCVersionGroup section */
		DB38CEF32566B2BA00BA5579 /* avtest.xcdatamodeld */ = {
			isa = XCVersionGroup;
			children = (
				DB38CEF42566B2BA00BA5579 /* avtest.xcdatamodel */,
			);
			currentVersion = DB38CEF42566B2BA00BA5579 /* avtest.xcdatamodel */;
			path = avtest.xcdatamodeld;
			sourceTree = "<group>";
			versionGroupType = wrapper.xcdatamodel;
		};
/* End XCVersionGroup section */
	};
	rootObject = DB38CEDF2566B2BA00BA5579 /* Project object */;
}
